
Microsoft Visual Studio Solution File, Format Version 12.00
# Visual Studio Version 16
VisualStudioVersion = 16.0.29728.190
MinimumVisualStudioVersion = 10.0.40219.1
Project("{FAE04EC0-301F-11D3-BF4B-00C04F79EFBC}") = "CRUDSystem", "CRUDSystem\CRUDSystem.csproj", "{7E1F07D0-70C6-418F-9301-4AAE061406E7}"
EndProject
Global
	GlobalSection(SolutionConfigurationPlatforms) = preSolution
		Debug|Any CPU = Debug|Any CPU
		Release|Any CPU = Release|Any CPU
	EndGlobalSection
	GlobalSection(ProjectConfigurationPlatforms) = postSolution
		{7E1F07D0-70C6-418F-9301-4AAE061406E7}.Debug|Any CPU.ActiveCfg = Debug|Any CPU
		{7E1F07D0-70C6-418F-9301-4AAE061406E7}.Debug|Any CPU.Build.0 = Debug|Any CPU
		{7E1F07D0-70C6-418F-9301-4AAE061406E7}.Release|Any CPU.ActiveCfg = Release|Any CPU
		{7E1F07D0-70C6-418F-9301-4AAE061406E7}.Release|Any CPU.Build.0 = Release|Any CPU
	EndGlobalSection
	GlobalSection(SolutionProperties) = preSolution
		HideSolutionNode = FALSE
	EndGlobalSection
	GlobalSection(ExtensibilityGlobals) = postSolution
		SolutionGuid = {DA6CA384-DD7B-4B07-A84B-52D0B723C669}
	EndGlobalSection
EndGlobal
